<?xml version="1.0" encoding="utf-8"?>
<Project ToolsVersion="4.0" xmlns="http://schemas.microsoft.com/developer/msbuild/2003">
  <ItemGroup>
    <Filter Include="소스 파일">
      <UniqueIdentifier>{4FC737F1-C7A5-4376-A066-2A32D752A2FF}</UniqueIdentifier>
      <Extensions>cpp;c;cc;cxx;c++;cppm;ixx;def;odl;idl;hpj;bat;asm;asmx</Extensions>
    </Filter>
    <Filter Include="헤더 파일">
      <UniqueIdentifier>{93995380-89BD-4b04-88EB-625FBE52EBFB}</UniqueIdentifier>
      <Extensions>h;hh;hpp;hxx;h++;hm;inl;inc;ipp;xsd</Extensions>
    </Filter>
    <Filter Include="리소스 파일">
      <UniqueIdentifier>{67DA6AB6-F800-4c08-8B7A-83BB121AAD01}</UniqueIdentifier>
      <Extensions>rc;ico;cur;bmp;dlg;rc2;rct;bin;rgs;gif;jpg;jpeg;jpe;resx;tiff;tif;png;wav;mfcribbon-ms</Extensions>
    </Filter>
    <Filter Include="소스 파일\Character">
      <UniqueIdentifier>{7e8a79b5-b11f-42ab-b2da-9bda65a02ccf}</UniqueIdentifier>
    </Filter>
    <Filter Include="소스 파일\Monster">
      <UniqueIdentifier>{31494023-75a6-4db9-8e31-dd8cbbb4e65b}</UniqueIdentifier>
    </Filter>
    <Filter Include="소스 파일\GameManager">
      <UniqueIdentifier>{db8eb44e-cb20-4363-8673-37968df27e61}</UniqueIdentifier>
    </Filter>
    <Filter Include="소스 파일\Shop">
      <UniqueIdentifier>{e349ff5b-05dc-4589-9a30-9058fcdf3ac3}</UniqueIdentifier>
    </Filter>
    <Filter Include="소스 파일\Item">
      <UniqueIdentifier>{bd226476-91fe-4e66-bac5-1b1f9704077d}</UniqueIdentifier>
    </Filter>
    <Filter Include="소스 파일\Rendering">
      <UniqueIdentifier>{59f40a36-656e-4cb8-9b41-628cb866c05a}</UniqueIdentifier>
    </Filter>
    <Filter Include="소스 파일\Dice">
      <UniqueIdentifier>{8ac9e3f5-7383-45b3-bc81-8cf9ea387951}</UniqueIdentifier>
    </Filter>
    <Filter Include="소스 파일\Inventory">
      <UniqueIdentifier>{c93d262d-5028-45c9-856b-92ccea429316}</UniqueIdentifier>
    </Filter>
    <Filter Include="소스 파일\Combat">
      <UniqueIdentifier>{6a97ea3f-badb-44ba-9378-602d884ea0d7}</UniqueIdentifier>
    </Filter>
    <Filter Include="소스 파일\Actor">
      <UniqueIdentifier>{f94dc105-58d9-4261-bdb3-9774a3fb11e1}</UniqueIdentifier>
    </Filter>
    <Filter Include="소스 파일\BattleManager">
      <UniqueIdentifier>{199cd856-5939-4002-8fa5-9be8b76e5ce2}</UniqueIdentifier>
    </Filter>
    <Filter Include="소스 파일\MonsterManager">
      <UniqueIdentifier>{cc2e44c1-3ae3-4c05-a11a-3f6cd3af9dc2}</UniqueIdentifier>
    </Filter>
    <Filter Include="소스 파일\Tools">
      <UniqueIdentifier>{93b0e6e2-5ff7-4dcb-a103-bed7546d90d8}</UniqueIdentifier>
    </Filter>
    <Filter Include="소스 파일\Audio">
      <UniqueIdentifier>{4f4e7a4e-3528-4a8c-b73d-8d79b1a34f80}</UniqueIdentifier>
    </Filter>
    <Filter Include="소스 파일\Refurbish">
      <UniqueIdentifier>{3584c8d2-3435-4d94-8a37-e00aeee1cf3a}</UniqueIdentifier>
    </Filter>
  </ItemGroup>
  <ItemGroup>
    <ClInclude Include="Actor.h">
      <Filter>소스 파일\Actor</Filter>
    </ClInclude>
    <ClInclude Include="Character.h">
      <Filter>소스 파일\Character</Filter>
    </ClInclude>
    <ClInclude Include="Monster.h">
      <Filter>소스 파일\Monster</Filter>
    </ClInclude>
    <ClInclude Include="BaseItem.h">
      <Filter>소스 파일\Item</Filter>
    </ClInclude>
    <ClInclude Include="DiceManager.h">
      <Filter>소스 파일\Dice</Filter>
    </ClInclude>
    <ClInclude Include="Inventory.h">
      <Filter>소스 파일\Inventory</Filter>
    </ClInclude>
    <ClInclude Include="CombatManager.h">
      <Filter>소스 파일\Combat</Filter>
    </ClInclude>
    <ClInclude Include="RefurbishManager.h">
      <Filter>소스 파일\Refurbish</Filter>
    </ClInclude>
    <ClInclude Include="ShopManager.h">
      <Filter>소스 파일\Shop</Filter>
    </ClInclude>
    <ClInclude Include="GameManager.h">
      <Filter>소스 파일\GameManager</Filter>
    </ClInclude>
    <ClInclude Include="Renderer.h">
      <Filter>소스 파일\Rendering</Filter>
    </ClInclude>
    <ClInclude Include="BattleManager.h">
      <Filter>소스 파일\BattleManager</Filter>
    </ClInclude>
    <ClInclude Include="MonsterManager.h">
      <Filter>소스 파일\MonsterManager</Filter>
    </ClInclude>
    <ClInclude Include="Tools.h">
      <Filter>소스 파일\Tools</Filter>
    </ClInclude>
    <ClInclude Include="StatDelta.h">
      <Filter>소스 파일\Item</Filter>
    </ClInclude>
    <ClInclude Include="SlotItems.h">
      <Filter>소스 파일\Item</Filter>
    </ClInclude>
    <ClInclude Include="ItemSpawnManager.h">
      <Filter>소스 파일\Item</Filter>
    </ClInclude>
    <ClInclude Include="Gears.h">
      <Filter>소스 파일\Item</Filter>
    </ClInclude>
    <ClInclude Include="AudioManager.h">
      <Filter>소스 파일\Audio</Filter>
    </ClInclude>
    <ClInclude Include="RefurbishStatus.h">
      <Filter>소스 파일\Refurbish</Filter>
    </ClInclude>
    <ClInclude Include="buyStatus.h">
      <Filter>소스 파일\Shop</Filter>
    </ClInclude>
    <ClInclude Include="EffectManager.h">
      <Filter>소스 파일\Monster</Filter>
    </ClInclude>
  </ItemGroup>
  <ItemGroup>
    <ClCompile Include="Character.cpp">
      <Filter>소스 파일\Character</Filter>
    </ClCompile>
    <ClCompile Include="Monster.cpp">
      <Filter>소스 파일\Monster</Filter>
    </ClCompile>
    <ClCompile Include="BaseItem.cpp">
      <Filter>소스 파일\Item</Filter>
    </ClCompile>
    <ClCompile Include="DiceManager.cpp">
      <Filter>소스 파일\Dice</Filter>
    </ClCompile>
    <ClCompile Include="Inventory.cpp">
      <Filter>소스 파일\Inventory</Filter>
    </ClCompile>
    <ClCompile Include="CombatManager.cpp">
      <Filter>소스 파일\Combat</Filter>
    </ClCompile>
    <ClCompile Include="RefurbishManager.cpp">
      <Filter>소스 파일\Refurbish</Filter>
    </ClCompile>
    <ClCompile Include="ShopManager.cpp">
      <Filter>소스 파일\Shop</Filter>
    </ClCompile>
    <ClCompile Include="GameManager.cpp">
      <Filter>소스 파일\GameManager</Filter>
    </ClCompile>
    <ClCompile Include="main.cpp">
      <Filter>소스 파일</Filter>
    </ClCompile>
    <ClCompile Include="Renderer.cpp">
      <Filter>소스 파일\Rendering</Filter>
    </ClCompile>
    <ClCompile Include="BattleManager.cpp">
      <Filter>소스 파일\BattleManager</Filter>
    </ClCompile>
    <ClCompile Include="MonsterManager.cpp">
      <Filter>소스 파일\MonsterManager</Filter>
    </ClCompile>
    <ClCompile Include="ItemSpawnManager.cpp">
      <Filter>소스 파일\Item</Filter>
    </ClCompile>
    <ClCompile Include="AudioManager.cpp">
      <Filter>소스 파일\Audio</Filter>
    </ClCompile>
    <ClCompile Include="EffectManager.cpp">
      <Filter>소스 파일\Monster</Filter>
    </ClCompile>
  </ItemGroup>
  <ItemGroup>
    <Media Include="Go_Exploer.mp3">
      <Filter>리소스 파일</Filter>
    </Media>
    <Media Include="Button_Click.wav">
      <Filter>리소스 파일</Filter>
    </Media>
    <Media Include="Button_Lite.wav">
      <Filter>리소스 파일</Filter>
    </Media>
    <Media Include="Buy_Item.wav">
      <Filter>리소스 파일</Filter>
    </Media>
    <Media Include="dice_roll.wav">
      <Filter>리소스 파일</Filter>
    </Media>
    <Media Include="Equip.wav">
      <Filter>리소스 파일</Filter>
    </Media>
    <Media Include="Error.wav">
      <Filter>리소스 파일</Filter>
    </Media>
    <Media Include="FootStep.wav">
      <Filter>리소스 파일</Filter>
    </Media>
    <Media Include="Game_Complete.wav">
      <Filter>리소스 파일</Filter>
    </Media>
    <Media Include="Heal.wav">
      <Filter>리소스 파일</Filter>
    </Media>
    <Media Include="Hit.wav">
      <Filter>리소스 파일</Filter>
    </Media>
    <Media Include="Level_Up.wav">
      <Filter>리소스 파일</Filter>
    </Media>
    <Media Include="Main_Theme.wav">
      <Filter>리소스 파일</Filter>
    </Media>
    <Media Include="Reward_Fail.wav">
      <Filter>리소스 파일</Filter>
    </Media>
    <Media Include="Shop.wav">
      <Filter>리소스 파일</Filter>
    </Media>
    <Media Include="Upgrade_Dice.wav">
      <Filter>리소스 파일</Filter>
    </Media>
    <Media Include="Victory.wav">
      <Filter>리소스 파일</Filter>
    </Media>
    <Media Include="Mountain.wav">
      <Filter>리소스 파일</Filter>
    </Media>
    <Media Include="Nest.wav">
      <Filter>리소스 파일</Filter>
    </Media>
    <Media Include="Ocean.wav">
      <Filter>리소스 파일</Filter>
    </Media>
    <Media Include="Temple.wav">
      <Filter>리소스 파일</Filter>
    </Media>
    <Media Include="Alley.wav">
      <Filter>리소스 파일</Filter>
    </Media>
    <Media Include="Cave.wav">
      <Filter>리소스 파일</Filter>
    </Media>
    <Media Include="Desert.wav">
      <Filter>리소스 파일</Filter>
    </Media>
    <Media Include="Forest.wav">
      <Filter>리소스 파일</Filter>
    </Media>
    <Media Include="Jungle.wav">
      <Filter>리소스 파일</Filter>
    </Media>
    <Media Include="Mine.wav">
      <Filter>리소스 파일</Filter>
    </Media>
  </ItemGroup>
  <ItemGroup>
    <None Include="CD.cd">
      <Filter>리소스 파일</Filter>
    </None>
  </ItemGroup>
</Project>